// !$*UTF8*$!
{
	archiveVersion = 1;
	classes = {
	};
	objectVersion = 77;
	objects = {

/* Begin PBXContainerItemProxy section */
		A60DBA492CCB813E0047E42B /* PBXContainerItemProxy */ = {
			isa = PBXContainerItemProxy;
			containerPortal = A60DBA2A2CCB813C0047E42B /* Project object */;
			proxyType = 1;
			remoteGlobalIDString = A60DBA312CCB813C0047E42B;
			remoteInfo = "CodePath PreWork";
		};
		A60DBA532CCB813E0047E42B /* PBXContainerItemProxy */ = {
			isa = PBXContainerItemProxy;
			containerPortal = A60DBA2A2CCB813C0047E42B /* Project object */;
			proxyType = 1;
			remoteGlobalIDString = A60DBA312CCB813C0047E42B;
			remoteInfo = "CodePath PreWork";
		};
/* End PBXContainerItemProxy section */

/* Begin PBXFileReference section */
		A60DBA322CCB813C0047E42B /* CodePath PreWork.app */ = {isa = PBXFileReference; explicitFileType = wrapper.application; includeInIndex = 0; path = "CodePath PreWork.app"; sourceTree = BUILT_PRODUCTS_DIR; };
		A60DBA482CCB813E0047E42B /* CodePath PreWorkTests.xctest */ = {isa = PBXFileReference; explicitFileType = wrapper.cfbundle; includeInIndex = 0; path = "CodePath PreWorkTests.xctest"; sourceTree = BUILT_PRODUCTS_DIR; };
		A60DBA522CCB813E0047E42B /* CodePath PreWorkUITests.xctest */ = {isa = PBXFileReference; explicitFileType = wrapper.cfbundle; includeInIndex = 0; path = "CodePath PreWorkUITests.xctest"; sourceTree = BUILT_PRODUCTS_DIR; };
/* End PBXFileReference section */

/* Begin PBXFileSystemSynchronizedBuildFileExceptionSet section */
		A60DBA5A2CCB813E0047E42B /* Exceptions for "CodePath PreWork" folder in "CodePath PreWork" target */ = {
			isa = PBXFileSystemSynchronizedBuildFileExceptionSet;
			membershipExceptions = (
				Info.plist,
			);
			target = A60DBA312CCB813C0047E42B /* CodePath PreWork */;
		};
/* End PBXFileSystemSynchronizedBuildFileExceptionSet section */

/* Begin PBXFileSystemSynchronizedRootGroup section */
		A60DBA342CCB813C0047E42B /* CodePath PreWork */ = {
			isa = PBXFileSystemSynchronizedRootGroup;
			exceptions = (
				A60DBA5A2CCB813E0047E42B /* Exceptions for "CodePath PreWork" folder in "CodePath PreWork" target */,
			);
			path = "CodePath PreWork";
			sourceTree = "<group>";
		};
		A60DBA4B2CCB813E0047E42B /* CodePath PreWorkTests */ = {
			isa = PBXFileSystemSynchronizedRootGroup;
			path = "CodePath PreWorkTests";
			sourceTree = "<group>";
		};
		A60DBA552CCB813E0047E42B /* CodePath PreWorkUITests */ = {
			isa = PBXFileSystemSynchronizedRootGroup;
			path = "CodePath PreWorkUITests";
			sourceTree = "<group>";
		};
/* End PBXFileSystemSynchronizedRootGroup section */

/* Begin PBXFrameworksBuildPhase section */
		A60DBA2F2CCB813C0047E42B /* Frameworks */ = {
			isa = PBXFrameworksBuildPhase;
			buildActionMask = 2147483647;
			files = (
			);
			runOnlyForDeploymentPostprocessing = 0;
		};
		A60DBA452CCB813E0047E42B /* Frameworks */ = {
			isa = PBXFrameworksBuildPhase;
			buildActionMask = 2147483647;
			files = (
			);
			runOnlyForDeploymentPostprocessing = 0;
		};
		A60DBA4F2CCB813E0047E42B /* Frameworks */ = {
			isa = PBXFrameworksBuildPhase;
			buildActionMask = 2147483647;
			files = (
			);
			runOnlyForDeploymentPostprocessing = 0;
		};
/* End PBXFrameworksBuildPhase section */

/* Begin PBXGroup section */
		A60DBA292CCB813C0047E42B = {
			isa = PBXGroup;
			children = (
				A60DBA342CCB813C0047E42B /* CodePath PreWork */,
				A60DBA4B2CCB813E0047E42B /* CodePath PreWorkTests */,
				A60DBA552CCB813E0047E42B /* CodePath PreWorkUITests */,
				A60DBA332CCB813C0047E42B /* Products */,
			);
			sourceTree = "<group>";
		};
		A60DBA332CCB813C0047E42B /* Products */ = {
			isa = PBXGroup;
			children = (
				A60DBA322CCB813C0047E42B /* CodePath PreWork.app */,
				A60DBA482CCB813E0047E42B /* CodePath PreWorkTests.xctest */,
				A60DBA522CCB813E0047E42B /* CodePath PreWorkUITests.xctest */,
			);
			name = Products;
			sourceTree = "<group>";
		};
/* End PBXGroup section */

/* Begin PBXNativeTarget section */
		A60DBA312CCB813C0047E42B /* CodePath PreWork */ = {
			isa = PBXNativeTarget;
			buildConfigurationList = A60DBA5B2CCB813E0047E42B /* Build configuration list for PBXNativeTarget "CodePath PreWork" */;
			buildPhases = (
				A60DBA2E2CCB813C0047E42B /* Sources */,
				A60DBA2F2CCB813C0047E42B /* Frameworks */,
				A60DBA302CCB813C0047E42B /* Resources */,
			);
			buildRules = (
			);
			dependencies = (
			);
			fileSystemSynchronizedGroups = (
				A60DBA342CCB813C0047E42B /* CodePath PreWork */,
			);
			name = "CodePath PreWork";
			packageProductDependencies = (
			);
			productName = "CodePath PreWork";
			productReference = A60DBA322CCB813C0047E42B /* CodePath PreWork.app */;
			productType = "com.apple.product-type.application";
		};
		A60DBA472CCB813E0047E42B /* CodePath PreWorkTests */ = {
			isa = PBXNativeTarget;
			buildConfigurationList = A60DBA602CCB813E0047E42B /* Build configuration list for PBXNativeTarget "CodePath PreWorkTests" */;
			buildPhases = (
				A60DBA442CCB813E0047E42B /* Sources */,
				A60DBA452CCB813E0047E42B /* Frameworks */,
				A60DBA462CCB813E0047E42B /* Resources */,
			);
			buildRules = (
			);
			dependencies = (
				A60DBA4A2CCB813E0047E42B /* PBXTargetDependency */,
			);
			fileSystemSynchronizedGroups = (
				A60DBA4B2CCB813E0047E42B /* CodePath PreWorkTests */,
			);
			name = "CodePath PreWorkTests";
			packageProductDependencies = (
			);
			productName = "CodePath PreWorkTests";
			productReference = A60DBA482CCB813E0047E42B /* CodePath PreWorkTests.xctest */;
			productType = "com.apple.product-type.bundle.unit-test";
		};
		A60DBA512CCB813E0047E42B /* CodePath PreWorkUITests */ = {
			isa = PBXNativeTarget;
			buildConfigurationList = A60DBA632CCB813E0047E42B /* Build configuration list for PBXNativeTarget "CodePath PreWorkUITests" */;
			buildPhases = (
				A60DBA4E2CCB813E0047E42B /* Sources */,
				A60DBA4F2CCB813E0047E42B /* Frameworks */,
				A60DBA502CCB813E0047E42B /* Resources */,
			);
			buildRules = (
			);
			dependencies = (
				A60DBA542CCB813E0047E42B /* PBXTargetDependency */,
			);
			fileSystemSynchronizedGroups = (
				A60DBA552CCB813E0047E42B /* CodePath PreWorkUITests */,
			);
			name = "CodePath PreWorkUITests";
			packageProductDependencies = (
			);
			productName = "CodePath PreWorkUITests";
			productReference = A60DBA522CCB813E0047E42B /* CodePath PreWorkUITests.xctest */;
			productType = "com.apple.product-type.bundle.ui-testing";
		};
/* End PBXNativeTarget section */

/* Begin PBXProject section */
		A60DBA2A2CCB813C0047E42B /* Project object */ = {
			isa = PBXProject;
			attributes = {
				BuildIndependentTargetsInParallel = 1;
				LastSwiftUpdateCheck = 1600;
				LastUpgradeCheck = 1600;
				TargetAttributes = {
					A60DBA312CCB813C0047E42B = {
						CreatedOnToolsVersion = 16.0;
					};
					A60DBA472CCB813E0047E42B = {
						CreatedOnToolsVersion = 16.0;
						TestTargetID = A60DBA312CCB813C0047E42B;
					};
					A60DBA512CCB813E0047E42B = {
						CreatedOnToolsVersion = 16.0;
						TestTargetID = A60DBA312CCB813C0047E42B;
					};
				};
			};
			buildConfigurationList = A60DBA2D2CCB813C0047E42B /* Build configuration list for PBXProject "CodePath PreWork" */;
			developmentRegion = en;
			hasScannedForEncodings = 0;
			knownRegions = (
				en,
				Base,
			);
			mainGroup = A60DBA292CCB813C0047E42B;
			minimizedProjectReferenceProxies = 1;
			preferredProjectObjectVersion = 77;
			productRefGroup = A60DBA332CCB813C0047E42B /* Products */;
			projectDirPath = "";
			projectRoot = "";
			targets = (
				A60DBA312CCB813C0047E42B /* CodePath PreWork */,
				A60DBA472CCB813E0047E42B /* CodePath PreWorkTests */,
				A60DBA512CCB813E0047E42B /* CodePath PreWorkUITests */,
			);
		};
/* End PBXProject section */

/* Begin PBXResourcesBuildPhase section */
		A60DBA302CCB813C0047E42B /* Resources */ = {
			isa = PBXResourcesBuildPhase;
			buildActionMask = 2147483647;
			files = (
			);
			runOnlyForDeploymentPostprocessing = 0;
		};
		A60DBA462CCB813E0047E42B /* Resources */ = {
			isa = PBXResourcesBuildPhase;
			buildActionMask = 2147483647;
			files = (
			);
			runOnlyForDeploymentPostprocessing = 0;
		};
		A60DBA502CCB813E0047E42B /* Resources */ = {
			isa = PBXResourcesBuildPhase;
			buildActionMask = 2147483647;
			files = (
			);
			runOnlyForDeploymentPostprocessing = 0;
		};
/* End PBXResourcesBuildPhase section */

/* Begin PBXSourcesBuildPhase section */
		A60DBA2E2CCB813C0047E42B /* Sources */ = {
			isa = PBXSourcesBuildPhase;
			buildActionMask = 2147483647;
			files = (
			);
			runOnlyForDeploymentPostprocessing = 0;
		};
		A60DBA442CCB813E0047E42B /* Sources */ = {
			isa = PBXSourcesBuildPhase;
			buildActionMask = 2147483647;
			files = (
			);
			runOnlyForDeploymentPostprocessing = 0;
		};
		A60DBA4E2CCB813E0047E42B /* Sources */ = {
			isa = PBXSourcesBuildPhase;
			buildActionMask = 2147483647;
			files = (
			);
			runOnlyForDeploymentPostprocessing = 0;
		};
/* End PBXSourcesBuildPhase section */

/* Begin PBXTargetDependency section */
		A60DBA4A2CCB813E0047E42B /* PBXTargetDependency */ = {
			isa = PBXTargetDependency;
			target = A60DBA312CCB813C0047E42B /* CodePath PreWork */;
			targetProxy = A60DBA492CCB813E0047E42B /* PBXContainerItemProxy */;
		};
		A60DBA542CCB813E0047E42B /* PBXTargetDependency */ = {
			isa = PBXTargetDependency;
			target = A60DBA312CCB813C0047E42B /* CodePath PreWork */;
			targetProxy = A60DBA532CCB813E0047E42B /* PBXContainerItemProxy */;
		};
/* End PBXTargetDependency section */

/* Begin XCBuildConfiguration section */
		A60DBA5C2CCB813E0047E42B /* Debug */ = {
			isa = XCBuildConfiguration;
			buildSettings = {
				ASSETCATALOG_COMPILER_APPICON_NAME = AppIcon;
				ASSETCATALOG_COMPILER_GLOBAL_ACCENT_COLOR_NAME = AccentColor;
				CODE_SIGN_STYLE = Automatic;
				CURRENT_PROJECT_VERSION = 1;
				GENERATE_INFOPLIST_FILE = YES;
				INFOPLIST_FILE = "CodePath PreWork/Info.plist";
				INFOPLIST_KEY_UIApplicationSupportsIndirectInputEvents = YES;
				INFOPLIST_KEY_UILaunchStoryboardName = LaunchScreen;
				INFOPLIST_KEY_UIMainStoryboardFile = Main;
				INFOPLIST_KEY_UISupportedInterfaceOrientations_iPad = "UIInterfaceOrientationPortrait UIInterfaceOrientationPortraitUpsideDown UIInterfaceOrientationLandscapeLeft UIInterfaceOrientationLandscapeRight";
				INFOPLIST_KEY_UISupportedInterfaceOrientations_iPhone = "UIInterfaceOrientationPortrait UIInterfaceOrientationLandscapeLeft UIInterfaceOrientationLandscapeRight";
				LD_RUNPATH_SEARCH_PATHS = (
					"$(inherited)",
					"@executable_path/Frameworks",
				);
				MARKETING_VERSION = 1.0;
				PRODUCT_BUNDLE_IDENTIFIER = "GPOA-Dev.CodePath-PreWork";
				PRODUCT_NAME = "$(TARGET_NAME)";
				SWIFT_EMIT_LOC_STRINGS = YES;
				SWIFT_VERSION = 5.0;
				TARGETED_DEVICE_FAMILY = "1,2";
			};
			name = Debug;
		};
		A60DBA5D2CCB813E0047E42B /* Release */ = {
			isa = XCBuildConfiguration;
			buildSettings = {
				ASSETCATALOG_COMPILER_APPICON_NAME = AppIcon;
				ASSETCATALOG_COMPILER_GLOBAL_ACCENT_COLOR_NAME = AccentColor;
				CODE_SIGN_STYLE = Automatic;
				CURRENT_PROJECT_VERSION = 1;
				GENERATE_INFOPLIST_FILE = YES;
				INFOPLIST_FILE = "CodePath PreWork/Info.plist";
				INFOPLIST_KEY_UIApplicationSupportsIndirectInputEvents = YES;
				INFOPLIST_KEY_UILaunchStoryboardName = LaunchScreen;
				INFOPLIST_KEY_UIMainStoryboardFile = Main;
				INFOPLIST_KEY_UISupportedInterfaceOrientations_iPad = "UIInterfaceOrientationPortrait UIInterfaceOrientationPortraitUpsideDown UIInterfaceOrientationLandscapeLeft UIInterfaceOrientationLandscapeRight";
				INFOPLIST_KEY_UISupportedInterfaceOrientations_iPhone = "UIInterfaceOrientationPortrait UIInterfaceOrientationLandscapeLeft UIInterfaceOrientationLandscapeRight";
				LD_RUNPATH_SEARCH_PATHS = (
					"$(inherited)",
					"@executable_path/Frameworks",
				);
				MARKETING_VERSION = 1.0;
				PRODUCT_BUNDLE_IDENTIFIER = "GPOA-Dev.CodePath-PreWork";
				PRODUCT_NAME = "$(TARGET_NAME)";
				SWIFT_EMIT_LOC_STRINGS = YES;
				SWIFT_VERSION = 5.0;
				TARGETED_DEVICE_FAMILY = "1,2";
			};
			name = Release;
		};
		A60DBA5E2CCB813E0047E42B /* Debug */ = {
			isa = XCBuildConfiguration;
			buildSettings = {
				ALWAYS_SEARCH_USER_PATHS = NO;
				ASSETCATALOG_COMPILER_GENERATE_SWIFT_ASSET_SYMBOL_EXTENSIONS = YES;
				CLANG_ANALYZER_NONNULL = YES;
				CLANG_ANALYZER_NUMBER_OBJECT_CONVERSION = YES_AGGRESSIVE;
				CLANG_CXX_LANGUAGE_STANDARD = "gnu++20";
				CLANG_ENABLE_MODULES = YES;
				CLANG_ENABLE_OBJC_ARC = YES;
				CLANG_ENABLE_OBJC_WEAK = YES;
				CLANG_WARN_BLOCK_CAPTURE_AUTORELEASING = YES;
				CLANG_WARN_BOOL_CONVERSION = YES;
				CLANG_WARN_COMMA = YES;
				CLANG_WARN_CONSTANT_CONVERSION = YES;
				CLANG_WARN_DEPRECATED_OBJC_IMPLEMENTATIONS = YES;
				CLANG_WARN_DIRECT_OBJC_ISA_USAGE = YES_ERROR;
				CLANG_WARN_DOCUMENTATION_COMMENTS = YES;
				CLANG_WARN_EMPTY_BODY = YES;
				CLANG_WARN_ENUM_CONVERSION = YES;
				CLANG_WARN_INFINITE_RECURSION = YES;
				CLANG_WARN_INT_CONVERSION = YES;
				CLANG_WARN_NON_LITERAL_NULL_CONVERSION = YES;
				CLANG_WARN_OBJC_IMPLICIT_RETAIN_SELF = YES;
				CLANG_WARN_OBJC_LITERAL_CONVERSION = YES;
				CLANG_WARN_OBJC_ROOT_CLASS = YES_ERROR;
				CLANG_WARN_QUOTED_INCLUDE_IN_FRAMEWORK_HEADER = YES;
				CLANG_WARN_RANGE_LOOP_ANALYSIS = YES;
				CLANG_WARN_STRICT_PROTOTYPES = YES;
				CLANG_WARN_SUSPICIOUS_MOVE = YES;
				CLANG_WARN_UNGUARDED_AVAILABILITY = YES_AGGRESSIVE;
				CLANG_WARN_UNREACHABLE_CODE = YES;
				CLANG_WARN__DUPLICATE_METHOD_MATCH = YES;
				COPY_PHASE_STRIP = NO;
				DEBUG_INFORMATION_FORMAT = dwarf;
				ENABLE_STRICT_OBJC_MSGSEND = YES;
				ENABLE_TESTABILITY = YES;
				ENABLE_USER_SCRIPT_SANDBOXING = YES;
				GCC_C_LANGUAGE_STANDARD = gnu17;
				GCC_DYNAMIC_NO_PIC = NO;
				GCC_NO_COMMON_BLOCKS = YES;
				GCC_OPTIMIZATION_LEVEL = 0;
				GCC_PREPROCESSOR_DEFINITIONS = (
					"DEBUG=1",
					"$(inherited)",
				);
				GCC_WARN_64_TO_32_BIT_CONVERSION = YES;
				GCC_WARN_ABOUT_RETURN_TYPE = YES_ERROR;
				GCC_WARN_UNDECLARED_SELECTOR = YES;
				GCC_WARN_UNINITIALIZED_AUTOS = YES_AGGRESSIVE;
				GCC_WARN_UNUSED_FUNCTION = YES;
				GCC_WARN_UNUSED_VARIABLE = YES;
				IPHONEOS_DEPLOYMENT_TARGET = 18.0;
				LOCALIZATION_PREFERS_STRING_CATALOGS = YES;
				MTL_ENABLE_DEBUG_INFO = INCLUDE_SOURCE;
				MTL_FAST_MATH = YES;
				ONLY_ACTIVE_ARCH = YES;
				SDKROOT = iphoneos;
				SWIFT_ACTIVE_COMPILATION_CONDITIONS = "DEBUG $(inherited)";
				SWIFT_OPTIMIZATION_LEVEL = "-Onone";
			};
			name = Debug;
		};
		A60DBA5F2CCB813E0047E42B /* Release */ = {
			isa = XCBuildConfiguration;
			buildSettings = {
				ALWAYS_SEARCH_USER_PATHS = NO;
				ASSETCATALOG_COMPILER_GENERATE_SWIFT_ASSET_SYMBOL_EXTENSIONS = YES;
				CLANG_ANALYZER_NONNULL = YES;
				CLANG_ANALYZER_NUMBER_OBJECT_CONVERSION = YES_AGGRESSIVE;
				CLANG_CXX_LANGUAGE_STANDARD = "gnu++20";
				CLANG_ENABLE_MODULES = YES;
				CLANG_ENABLE_OBJC_ARC = YES;
				CLANG_ENABLE_OBJC_WEAK = YES;
				CLANG_WARN_BLOCK_CAPTURE_AUTORELEASING = YES;
				CLANG_WARN_BOOL_CONVERSION = YES;
				CLANG_WARN_COMMA = YES;
				CLANG_WARN_CONSTANT_CONVERSION = YES;
				CLANG_WARN_DEPRECATED_OBJC_IMPLEMENTATIONS = YES;
				CLANG_WARN_DIRECT_OBJC_ISA_USAGE = YES_ERROR;
				CLANG_WARN_DOCUMENTATION_COMMENTS = YES;
				CLANG_WARN_EMPTY_BODY = YES;
				CLANG_WARN_ENUM_CONVERSION = YES;
				CLANG_WARN_INFINITE_RECURSION = YES;
				CLANG_WARN_INT_CONVERSION = YES;
				CLANG_WARN_NON_LITERAL_NULL_CONVERSION = YES;
				CLANG_WARN_OBJC_IMPLICIT_RETAIN_SELF = YES;
				CLANG_WARN_OBJC_LITERAL_CONVERSION = YES;
				CLANG_WARN_OBJC_ROOT_CLASS = YES_ERROR;
				CLANG_WARN_QUOTED_INCLUDE_IN_FRAMEWORK_HEADER = YES;
				CLANG_WARN_RANGE_LOOP_ANALYSIS = YES;
				CLANG_WARN_STRICT_PROTOTYPES = YES;
				CLANG_WARN_SUSPICIOUS_MOVE = YES;
				CLANG_WARN_UNGUARDED_AVAILABILITY = YES_AGGRESSIVE;
				CLANG_WARN_UNREACHABLE_CODE = YES;
				CLANG_WARN__DUPLICATE_METHOD_MATCH = YES;
				COPY_PHASE_STRIP = NO;
				DEBUG_INFORMATION_FORMAT = "dwarf-with-dsym";
				ENABLE_NS_ASSERTIONS = NO;
				ENABLE_STRICT_OBJC_MSGSEND = YES;
				ENABLE_USER_SCRIPT_SANDBOXING = YES;
				GCC_C_LANGUAGE_STANDARD = gnu17;
				GCC_NO_COMMON_BLOCKS = YES;
				GCC_WARN_64_TO_32_BIT_CONVERSION = YES;
				GCC_WARN_ABOUT_RETURN_TYPE = YES_ERROR;
				GCC_WARN_UNDECLARED_SELECTOR = YES;
				GCC_WARN_UNINITIALIZED_AUTOS = YES_AGGRESSIVE;
				GCC_WARN_UNUSED_FUNCTION = YES;
				GCC_WARN_UNUSED_VARIABLE = YES;
				IPHONEOS_DEPLOYMENT_TARGET = 18.0;
				LOCALIZATION_PREFERS_STRING_CATALOGS = YES;
				MTL_ENABLE_DEBUG_INFO = NO;
				MTL_FAST_MATH = YES;
				SDKROOT = iphoneos;
				SWIFT_COMPILATION_MODE = wholemodule;
				VALIDATE_PRODUCT = YES;
			};
			name = Release;
		};
		A60DBA612CCB813E0047E42B /* Debug */ = {
			isa = XCBuildConfiguration;
			buildSettings = {
				BUNDLE_LOADER = "$(TEST_HOST)";
				CODE_SIGN_STYLE = Automatic;
				CURRENT_PROJECT_VERSION = 1;
				GENERATE_INFOPLIST_FILE = YES;
				IPHONEOS_DEPLOYMENT_TARGET = 18.0;
				MARKETING_VERSION = 1.0;
				PRODUCT_BUNDLE_IDENTIFIER = "GPOA-Dev.CodePath-PreWorkTests";
				PRODUCT_NAME = "$(TARGET_NAME)";
				SWIFT_EMIT_LOC_STRINGS = NO;
				SWIFT_VERSION = 5.0;
				TARGETED_DEVICE_FAMILY = "1,2";
				TEST_HOST = "$(BUILT_PRODUCTS_DIR)/CodePath PreWork.app/$(BUNDLE_EXECUTABLE_FOLDER_PATH)/CodePath PreWork";
			};
			name = Debug;
		};
		A60DBA622CCB813E0047E42B /* Release */ = {
			isa = XCBuildConfiguration;
			buildSettings = {
				BUNDLE_LOADER = "$(TEST_HOST)";
				CODE_SIGN_STYLE = Automatic;
				CURRENT_PROJECT_VERSION = 1;
				GENERATE_INFOPLIST_FILE = YES;
				IPHONEOS_DEPLOYMENT_TARGET = 18.0;
				MARKETING_VERSION = 1.0;
				PRODUCT_BUNDLE_IDENTIFIER = "GPOA-Dev.CodePath-PreWorkTests";
				PRODUCT_NAME = "$(TARGET_NAME)";
				SWIFT_EMIT_LOC_STRINGS = NO;
				SWIFT_VERSION = 5.0;
				TARGETED_DEVICE_FAMILY = "1,2";
				TEST_HOST = "$(BUILT_PRODUCTS_DIR)/CodePath PreWork.app/$(BUNDLE_EXECUTABLE_FOLDER_PATH)/CodePath PreWork";
			};
			name = Release;
		};
		A60DBA642CCB813E0047E42B /* Debug */ = {
			isa = XCBuildConfiguration;
			buildSettings = {
				CODE_SIGN_STYLE = Automatic;
				CURRENT_PROJECT_VERSION = 1;
				GENERATE_INFOPLIST_FILE = YES;
				MARKETING_VERSION = 1.0;
				PRODUCT_BUNDLE_IDENTIFIER = "GPOA-Dev.CodePath-PreWorkUITests";
				PRODUCT_NAME = "$(TARGET_NAME)";
				SWIFT_EMIT_LOC_STRINGS = NO;
				SWIFT_VERSION = 5.0;
				TARGETED_DEVICE_FAMILY = "1,2";
				TEST_TARGET_NAME = "CodePath PreWork";
			};
			name = Debug;
		};
		A60DBA652CCB813E0047E42B /* Release */ = {
			isa = XCBuildConfiguration;
			buildSettings = {
				CODE_SIGN_STYLE = Automatic;
				CURRENT_PROJECT_VERSION = 1;
				GENERATE_INFOPLIST_FILE = YES;
				MARKETING_VERSION = 1.0;
				PRODUCT_BUNDLE_IDENTIFIER = "GPOA-Dev.CodePath-PreWorkUITests";
				PRODUCT_NAME = "$(TARGET_NAME)";
				SWIFT_EMIT_LOC_STRINGS = NO;
				SWIFT_VERSION = 5.0;
				TARGETED_DEVICE_FAMILY = "1,2";
				TEST_TARGET_NAME = "CodePath PreWork";
			};
			name = Release;
		};
/* End XCBuildConfiguration section */

/* Begin XCConfigurationList section */
		A60DBA2D2CCB813C0047E42B /* Build configuration list for PBXProject "CodePath PreWork" */ = {
			isa = XCConfigurationList;
			buildConfigurations = (
				A60DBA5E2CCB813E0047E42B /* Debug */,
				A60DBA5F2CCB813E0047E42B /* Release */,
			);
			defaultConfigurationIsVisible = 0;
			defaultConfigurationName = Release;
		};
		A60DBA5B2CCB813E0047E42B /* Build configuration list for PBXNativeTarget "CodePath PreWork" */ = {
			isa = XCConfigurationList;
			buildConfigurations = (
				A60DBA5C2CCB813E0047E42B /* Debug */,
				A60DBA5D2CCB813E0047E42B /* Release */,
			);
			defaultConfigurationIsVisible = 0;
			defaultConfigurationName = Release;
		};
		A60DBA602CCB813E0047E42B /* Build configuration list for PBXNativeTarget "CodePath PreWorkTests" */ = {
			isa = XCConfigurationList;
			buildConfigurations = (
				A60DBA612CCB813E0047E42B /* Debug */,
				A60DBA622CCB813E0047E42B /* Release */,
			);
			defaultConfigurationIsVisible = 0;
			defaultConfigurationName = Release;
		};
		A60DBA632CCB813E0047E42B /* Build configuration list for PBXNativeTarget "CodePath PreWorkUITests" */ = {
			isa = XCConfigurationList;
			buildConfigurations = (
				A60DBA642CCB813E0047E42B /* Debug */,
				A60DBA652CCB813E0047E42B /* Release */,
			);
			defaultConfigurationIsVisible = 0;
			defaultConfigurationName = Release;
		};
/* End XCConfigurationList section */
	};
	rootObject = A60DBA2A2CCB813C0047E42B /* Project object */;
}
